
Microsoft Visual Studio Solution File, Format Version 12.00
# Visual Studio Version 17
VisualStudioVersion = 17.1.32210.238
MinimumVisualStudioVersion = 10.0.40219.1
Project("{9A19103F-16F7-4668-BE54-9A1E7A4F7556}") = "KaninBank", "KaninBank\KaninBank.csproj", "{9F34A04A-134C-4DA8-97E4-74EFD9813FF7}"
EndProject
Project("{FAE04EC0-301F-11D3-BF4B-00C04F79EFBC}") = "KaninBank.Test", "KaninBank.Test\KaninBank.Test.csproj", "{559FFCC2-9ECB-44A7-8FF9-93F0CEFA9249}"
EndProject
Global
	GlobalSection(SolutionConfigurationPlatforms) = preSolution
		Debug|Any CPU = Debug|Any CPU
		Release|Any CPU = Release|Any CPU
	EndGlobalSection
	GlobalSection(ProjectConfigurationPlatforms) = postSolution
		{9F34A04A-134C-4DA8-97E4-74EFD9813FF7}.Debug|Any CPU.ActiveCfg = Debug|Any CPU
		{9F34A04A-134C-4DA8-97E4-74EFD9813FF7}.Debug|Any CPU.Build.0 = Debug|Any CPU
		{9F34A04A-134C-4DA8-97E4-74EFD9813FF7}.Release|Any CPU.ActiveCfg = Release|Any CPU
		{9F34A04A-134C-4DA8-97E4-74EFD9813FF7}.Release|Any CPU.Build.0 = Release|Any CPU
		{559FFCC2-9ECB-44A7-8FF9-93F0CEFA9249}.Debug|Any CPU.ActiveCfg = Debug|Any CPU
		{559FFCC2-9ECB-44A7-8FF9-93F0CEFA9249}.Debug|Any CPU.Build.0 = Debug|Any CPU
		{559FFCC2-9ECB-44A7-8FF9-93F0CEFA9249}.Release|Any CPU.ActiveCfg = Release|Any CPU
		{559FFCC2-9ECB-44A7-8FF9-93F0CEFA9249}.Release|Any CPU.Build.0 = Release|Any CPU
	EndGlobalSection
	GlobalSection(SolutionProperties) = preSolution
		HideSolutionNode = FALSE
	EndGlobalSection
	GlobalSection(ExtensibilityGlobals) = postSolution
		SolutionGuid = {0A1E287F-563D-4BED-BEA9-54E5FDC176DA}
	EndGlobalSection
EndGlobal
